{
  "name": "ns01",
  "version": "1.0.0",
  "lockfileVersion": 3,
  "requires": true,
  "packages": {
    "": {
      "name": "ns01",
      "version": "1.0.0",
      "license": "ISC",
      "dependencies": {
        "dns-zonefile": "^0.3.0"
      }
    },
    "node_modules/dns-zonefile": {
      "version": "0.3.0",
      "resolved": "https://registry.npmjs.org/dns-zonefile/-/dns-zonefile-0.3.0.tgz",
      "integrity": "sha512-Dv6/ovxV+HjHQxtZNgUOisHacXzVrdF351fbRzdOF1MTyk9h6Tjd+bHkn/vLjzFx8HNRutra5Stm9FVWTuEoCg==",
      "bin": {
        "zonefile": "bin/zonefile-cli.js"
      }
    }
  }
}
